
Microsoft Visual Studio Solution File, Format Version 12.00
# Visual Studio Version 17
VisualStudioVersion = 17.3.32929.385
MinimumVisualStudioVersion = 10.0.40219.1
Project("{FAE04EC0-301F-11D3-BF4B-00C04F79EFBC}") = "Exec3_MaintainUsers", "Exec3_MaintainUsers\Exec3_MaintainUsers.csproj", "{09705834-3862-432D-A981-342876D116BB}"
EndProject
Global
	GlobalSection(SolutionConfigurationPlatforms) = preSolution
		Debug|Any CPU = Debug|Any CPU
		Release|Any CPU = Release|Any CPU
	EndGlobalSection
	GlobalSection(ProjectConfigurationPlatforms) = postSolution
		{09705834-3862-432D-A981-342876D116BB}.Debug|Any CPU.ActiveCfg = Debug|Any CPU
		{09705834-3862-432D-A981-342876D116BB}.Debug|Any CPU.Build.0 = Debug|Any CPU
		{09705834-3862-432D-A981-342876D116BB}.Release|Any CPU.ActiveCfg = Release|Any CPU
		{09705834-3862-432D-A981-342876D116BB}.Release|Any CPU.Build.0 = Release|Any CPU
	EndGlobalSection
	GlobalSection(SolutionProperties) = preSolution
		HideSolutionNode = FALSE
	EndGlobalSection
	GlobalSection(ExtensibilityGlobals) = postSolution
		SolutionGuid = {9BB6C8BA-2D66-4A21-91CB-774942D314D6}
	EndGlobalSection
EndGlobal
